<?xml version="1.0" encoding="UTF-8" standalone="yes" ?>
<CodeBlocks_project_file>
	<FileVersion major="1" minor="6" />
	<Project>
		<Option title="ECON" />
		<Option pch_mode="2" />
		<Option compiler="gcc" />
		<Build>
			<Target title="Debug">
				<Option output="bin/Debug/ECON" prefix_auto="1" extension_auto="1" />
				<Option object_output="obj/Debug/" />
				<Option type="1" />
				<Option compiler="gcc" />
				<Compiler>
					<Add option="-g" />
				</Compiler>
			</Target>
			<Target title="Release">
				<Option output="bin/Release/ECON" prefix_auto="1" extension_auto="1" />
				<Option object_output="obj/Release/" />
				<Option type="1" />
				<Option compiler="gcc" />
				<Compiler>
					<Add option="-O2" />
				</Compiler>
				<Linker>
					<Add option="-s" />
				</Linker>
			</Target>
		</Build>
		<Compiler>
			<Add option="-Wall" />
			<Add option="-fexceptions" />
		</Compiler>
		<Unit filename="AcumuladorId.cpp" />
		<Unit filename="AcumuladorId.h" />
		<Unit filename="ArchivoAcumulador.cpp" />
		<Unit filename="ArchivoAcumulador.h" />
		<Unit filename="ArchivoFactura.cpp" />
		<Unit filename="ArchivoFacturas.h" />
		<Unit filename="ArchivoPedido.cpp" />
		<Unit filename="ArchivoPedido.h" />
		<Unit filename="ArchivoReclamo.cpp" />
		<Unit filename="ArchivoReclamo.h" />
		<Unit filename="ArchivoRespuestas.cpp" />
		<Unit filename="ArchivoRespuestas.h" />
		<Unit filename="ArchivoSuministro.cpp" />
		<Unit filename="ArchivoSuministro.h" />
		<Unit filename="ArchivoUsuario.cpp" />
		<Unit filename="ArchivoUsuario.h" />
		<Unit filename="Factura.cpp" />
		<Unit filename="Factura.h" />
		<Unit filename="Fecha.cpp" />
		<Unit filename="Fecha.h" />
		<Unit filename="Funciones.cpp" />
		<Unit filename="Funciones.h" />
		<Unit filename="PedidoSuministro.cpp" />
		<Unit filename="PedidoSuministro.h" />
		<Unit filename="Periodo.cpp" />
		<Unit filename="Periodo.h" />
		<Unit filename="Reclamos.cpp" />
		<Unit filename="Reclamos.h" />
		<Unit filename="RespuestaPedido.cpp" />
		<Unit filename="RespuestaPedido.h" />
		<Unit filename="Suministro.cpp" />
		<Unit filename="Suministros.h" />
		<Unit filename="Usuario.cpp" />
		<Unit filename="Usuario.h" />
		<Unit filename="funcionesMostrar.cpp" />
		<Unit filename="funcionesMostrar.h" />
		<Unit filename="main.cpp" />
		<Extensions />
	</Project>
</CodeBlocks_project_file>
